
Microsoft Visual Studio Solution File, Format Version 12.00
# Visual Studio Version 17
VisualStudioVersion = 17.14.36518.9 d17.14
MinimumVisualStudioVersion = 10.0.40219.1
Project("{FAE04EC0-301F-11D3-BF4B-00C04F79EFBC}") = "iknow-api", "iknow-api\iknow-api.csproj", "{0812F190-420D-448B-9710-32E746C813B7}"
EndProject
Global
	GlobalSection(SolutionConfigurationPlatforms) = preSolution
		Debug|Any CPU = Debug|Any CPU
		Release|Any CPU = Release|Any CPU
	EndGlobalSection
	GlobalSection(ProjectConfigurationPlatforms) = postSolution
		{0812F190-420D-448B-9710-32E746C813B7}.Debug|Any CPU.ActiveCfg = Debug|Any CPU
		{0812F190-420D-448B-9710-32E746C813B7}.Debug|Any CPU.Build.0 = Debug|Any CPU
		{0812F190-420D-448B-9710-32E746C813B7}.Release|Any CPU.ActiveCfg = Release|Any CPU
		{0812F190-420D-448B-9710-32E746C813B7}.Release|Any CPU.Build.0 = Release|Any CPU
	EndGlobalSection
	GlobalSection(SolutionProperties) = preSolution
		HideSolutionNode = FALSE
	EndGlobalSection
	GlobalSection(ExtensibilityGlobals) = postSolution
		SolutionGuid = {3E4D4C85-4096-402E-9FC3-19996D358FFE}
	EndGlobalSection
EndGlobal
